{
  "requires": true,
  "lockfileVersion": 1,
  "dependencies": {
    "electron.js": {
      "version": "0.0.1",
      "resolved": "https://registry.npmjs.org/electron.js/-/electron.js-0.0.1.tgz",
      "integrity": "sha512-m4ur4tfk9qZsnsxEIpjv5BpbwNbgeBp5UPXwT1FfQeMWpq8QtNN8ftckvWOC7gqyJywEy1e6OkGa1Zrqvh6U5g=="
    }
  }
}
